{
  "name": "@hathora/server-sdk",
  "version": "0.5.1",
  "lockfileVersion": 2,
  "requires": true,
  "packages": {
    "": {
      "name": "@hathora/server-sdk",
      "version": "0.5.1",
      "license": "MIT",
      "dependencies": {
        "bin-serde": "^1.2.0",
        "uuid": "^8.3.2"
      },
      "devDependencies": {
        "@types/node": "^18.0.3",
        "@types/uuid": "^8.3.4",
        "typescript": "^4.7.4"
      }
    },
    "node_modules/@types/node": {
      "version": "18.0.3",
      "resolved": "https://registry.npmjs.org/@types/node/-/node-18.0.3.tgz",
      "integrity": "sha512-HzNRZtp4eepNitP+BD6k2L6DROIDG4Q0fm4x+dwfsr6LGmROENnok75VGw40628xf+iR24WeMFcHuuBDUAzzsQ==",
      "dev": true
    },
    "node_modules/@types/uuid": {
      "version": "8.3.4",
      "resolved": "https://registry.npmjs.org/@types/uuid/-/uuid-8.3.4.tgz",
      "integrity": "sha512-c/I8ZRb51j+pYGAu5CrFMRxqZ2ke4y2grEBO5AUjgSkSk+qT2Ea+OdWElz/OiMf5MNpn2b17kuVBwZLQJXzihw==",
      "dev": true
    },
    "node_modules/bin-serde": {
      "version": "1.2.0",
      "resolved": "https://registry.npmjs.org/bin-serde/-/bin-serde-1.2.0.tgz",
      "integrity": "sha512-Y7zfNPSpmOif/1mODzW5AkN+Vul/nhsrXZK8RSaPBvb5hNYdZcZmdRD1z2MUC9+w13iV7j626JsRYcCQeggJLg==",
      "dependencies": {
        "utf8-buffer": "^1.0.0",
        "utf8-buffer-size": "^0.0.4"
      }
    },
    "node_modules/typescript": {
      "version": "4.7.4",
      "resolved": "https://registry.npmjs.org/typescript/-/typescript-4.7.4.tgz",
      "integrity": "sha512-C0WQT0gezHuw6AdY1M2jxUO83Rjf0HP7Sk1DtXj6j1EwkQNZrHAg2XPWlq62oqEhYvONq5pkC2Y9oPljWToLmQ==",
      "dev": true,
      "bin": {
        "tsc": "bin/tsc",
        "tsserver": "bin/tsserver"
      },
      "engines": {
        "node": ">=4.2.0"
      }
    },
    "node_modules/utf8-buffer": {
      "version": "1.0.0",
      "resolved": "https://registry.npmjs.org/utf8-buffer/-/utf8-buffer-1.0.0.tgz",
      "integrity": "sha512-ueuhzvWnp5JU5CiGSY4WdKbiN/PO2AZ/lpeLiz2l38qwdLy/cW40XobgyuIWucNyum0B33bVB0owjFCeGBSLqg==",
      "engines": {
        "node": ">=8"
      }
    },
    "node_modules/utf8-buffer-size": {
      "version": "0.0.4",
      "resolved": "https://registry.npmjs.org/utf8-buffer-size/-/utf8-buffer-size-0.0.4.tgz",
      "integrity": "sha512-mYYOtZvK3WmxPk9YhQjnkBluLK7y8vkIwgyEU+teoVwrJ+lpR/QapjsNFP30aiAcV4+fd9YvXCR49AxINCwbOg==",
      "engines": {
        "node": ">=8"
      }
    },
    "node_modules/uuid": {
      "version": "8.3.2",
      "resolved": "https://registry.npmjs.org/uuid/-/uuid-8.3.2.tgz",
      "integrity": "sha512-+NYs2QeMWy+GWFOEm9xnn6HCDp0l7QBD7ml8zLUmJ+93Q5NF0NocErnwkTkXVFNiX3/fpC6afS8Dhb/gz7R7eg==",
      "bin": {
        "uuid": "dist/bin/uuid"
      }
    }
  },
  "dependencies": {
    "@types/node": {
      "version": "18.0.3",
      "resolved": "https://registry.npmjs.org/@types/node/-/node-18.0.3.tgz",
      "integrity": "sha512-HzNRZtp4eepNitP+BD6k2L6DROIDG4Q0fm4x+dwfsr6LGmROENnok75VGw40628xf+iR24WeMFcHuuBDUAzzsQ==",
      "dev": true
    },
    "@types/uuid": {
      "version": "8.3.4",
      "resolved": "https://registry.npmjs.org/@types/uuid/-/uuid-8.3.4.tgz",
      "integrity": "sha512-c/I8ZRb51j+pYGAu5CrFMRxqZ2ke4y2grEBO5AUjgSkSk+qT2Ea+OdWElz/OiMf5MNpn2b17kuVBwZLQJXzihw==",
      "dev": true
    },
    "bin-serde": {
      "version": "1.2.0",
      "resolved": "https://registry.npmjs.org/bin-serde/-/bin-serde-1.2.0.tgz",
      "integrity": "sha512-Y7zfNPSpmOif/1mODzW5AkN+Vul/nhsrXZK8RSaPBvb5hNYdZcZmdRD1z2MUC9+w13iV7j626JsRYcCQeggJLg==",
      "requires": {
        "utf8-buffer": "^1.0.0",
        "utf8-buffer-size": "^0.0.4"
      }
    },
    "typescript": {
      "version": "4.7.4",
      "resolved": "https://registry.npmjs.org/typescript/-/typescript-4.7.4.tgz",
      "integrity": "sha512-C0WQT0gezHuw6AdY1M2jxUO83Rjf0HP7Sk1DtXj6j1EwkQNZrHAg2XPWlq62oqEhYvONq5pkC2Y9oPljWToLmQ==",
      "dev": true
    },
    "utf8-buffer": {
      "version": "1.0.0",
      "resolved": "https://registry.npmjs.org/utf8-buffer/-/utf8-buffer-1.0.0.tgz",
      "integrity": "sha512-ueuhzvWnp5JU5CiGSY4WdKbiN/PO2AZ/lpeLiz2l38qwdLy/cW40XobgyuIWucNyum0B33bVB0owjFCeGBSLqg=="
    },
    "utf8-buffer-size": {
      "version": "0.0.4",
      "resolved": "https://registry.npmjs.org/utf8-buffer-size/-/utf8-buffer-size-0.0.4.tgz",
      "integrity": "sha512-mYYOtZvK3WmxPk9YhQjnkBluLK7y8vkIwgyEU+teoVwrJ+lpR/QapjsNFP30aiAcV4+fd9YvXCR49AxINCwbOg=="
    },
    "uuid": {
      "version": "8.3.2",
      "resolved": "https://registry.npmjs.org/uuid/-/uuid-8.3.2.tgz",
      "integrity": "sha512-+NYs2QeMWy+GWFOEm9xnn6HCDp0l7QBD7ml8zLUmJ+93Q5NF0NocErnwkTkXVFNiX3/fpC6afS8Dhb/gz7R7eg=="
    }
  }
}
